
Microsoft Visual Studio Solution File, Format Version 12.00
# Visual Studio Version 17
VisualStudioVersion = 17.14.36705.20
MinimumVisualStudioVersion = 10.0.40219.1
Project("{FAE04EC0-301F-11D3-BF4B-00C04F79EFBC}") = "Greeting", "Greeting\Greeting.csproj", "{0793C3C1-689C-41C0-92AA-D5B55DD50545}"
EndProject
Project("{FAE04EC0-301F-11D3-BF4B-00C04F79EFBC}") = "BiggestElement", "TheBiggestElement\BiggestElement.csproj", "{917E804C-4C9E-4FDB-9909-CA4CC2DC5ADE}"
EndProject
Project("{FAE04EC0-301F-11D3-BF4B-00C04F79EFBC}") = "DiceBattle", "DiceBattle\DiceBattle.csproj", "{99D7AB74-DAD9-4D83-8B86-444158526E7D}"
EndProject
Global
	GlobalSection(SolutionConfigurationPlatforms) = preSolution
		Debug|Any CPU = Debug|Any CPU
		Release|Any CPU = Release|Any CPU
	EndGlobalSection
	GlobalSection(ProjectConfigurationPlatforms) = postSolution
		{0793C3C1-689C-41C0-92AA-D5B55DD50545}.Debug|Any CPU.ActiveCfg = Debug|Any CPU
		{0793C3C1-689C-41C0-92AA-D5B55DD50545}.Debug|Any CPU.Build.0 = Debug|Any CPU
		{0793C3C1-689C-41C0-92AA-D5B55DD50545}.Release|Any CPU.ActiveCfg = Release|Any CPU
		{0793C3C1-689C-41C0-92AA-D5B55DD50545}.Release|Any CPU.Build.0 = Release|Any CPU
		{917E804C-4C9E-4FDB-9909-CA4CC2DC5ADE}.Debug|Any CPU.ActiveCfg = Debug|Any CPU
		{917E804C-4C9E-4FDB-9909-CA4CC2DC5ADE}.Debug|Any CPU.Build.0 = Debug|Any CPU
		{917E804C-4C9E-4FDB-9909-CA4CC2DC5ADE}.Release|Any CPU.ActiveCfg = Release|Any CPU
		{917E804C-4C9E-4FDB-9909-CA4CC2DC5ADE}.Release|Any CPU.Build.0 = Release|Any CPU
		{99D7AB74-DAD9-4D83-8B86-444158526E7D}.Debug|Any CPU.ActiveCfg = Debug|Any CPU
		{99D7AB74-DAD9-4D83-8B86-444158526E7D}.Debug|Any CPU.Build.0 = Debug|Any CPU
		{99D7AB74-DAD9-4D83-8B86-444158526E7D}.Release|Any CPU.ActiveCfg = Release|Any CPU
		{99D7AB74-DAD9-4D83-8B86-444158526E7D}.Release|Any CPU.Build.0 = Release|Any CPU
	EndGlobalSection
	GlobalSection(SolutionProperties) = preSolution
		HideSolutionNode = FALSE
	EndGlobalSection
	GlobalSection(ExtensibilityGlobals) = postSolution
		SolutionGuid = {308F08D4-36D3-45C8-BB15-998CDD042BB6}
	EndGlobalSection
EndGlobal
